
Microsoft Visual Studio Solution File, Format Version 12.00
# Visual Studio Version 17
VisualStudioVersion = 17.0.31903.59
MinimumVisualStudioVersion = 10.0.40219.1
Project("{2150E333-8FDC-42A3-9474-1A3956D46DE8}") = "src", "src", "{CBD1E891-BB0F-4953-A409-54935FEE5761}"
EndProject
Project("{2150E333-8FDC-42A3-9474-1A3956D46DE8}") = "OrderGenerator", "OrderGenerator", "{F5C64301-3533-477C-93E3-9E579C01C6B1}"
EndProject
Project("{9A19103F-16F7-4668-BE54-9A1E7A4F7556}") = "BaseExchange.OrderGenerator.Api", "src\OrderGenerator\BaseExchange.OrderGenerator.Api\BaseExchange.OrderGenerator.Api.csproj", "{9639A83C-B1E7-46EF-9313-ECF29162B270}"
EndProject
Project("{9A19103F-16F7-4668-BE54-9A1E7A4F7556}") = "BaseExchange.OrderGenerator.Domain", "src\OrderGenerator\BaseExchange.OrderGenerator.Domain\BaseExchange.OrderGenerator.Domain.csproj", "{B6D43A59-A1D3-4065-8DE6-6AE01B0EC383}"
EndProject
Project("{9A19103F-16F7-4668-BE54-9A1E7A4F7556}") = "BaseExchange.OrderGenerator.Application", "src\OrderGenerator\BaseExchange.OrderGenerator.Application\BaseExchange.OrderGenerator.Application.csproj", "{F265050D-7AE9-43A9-B00C-7B9E3B75C029}"
	ProjectSection(ProjectDependencies) = postProject
		{98B729C6-11C5-4BEC-8F85-F2FBB21F1EC3} = {98B729C6-11C5-4BEC-8F85-F2FBB21F1EC3}
	EndProjectSection
EndProject
Project("{9A19103F-16F7-4668-BE54-9A1E7A4F7556}") = "BaseExchange.OrderGenerator.Infrastructure", "src\OrderGenerator\BaseExchange.OrderGenerator.Infrastructure\BaseExchange.OrderGenerator.Infrastructure.csproj", "{BB9F6049-AC4E-4CFB-9A2F-AA65D965D7F7}"
EndProject
Project("{9A19103F-16F7-4668-BE54-9A1E7A4F7556}") = "BaseExchange.OrderGenerator.Tests", "src\OrderGenerator\BaseExchange.OrderGenerator.Tests\BaseExchange.OrderGenerator.Tests.csproj", "{34C5EF99-3081-48F4-AE75-DD9B26EBEFE5}"
EndProject
Project("{2150E333-8FDC-42A3-9474-1A3956D46DE8}") = "OrderAccumulator", "OrderAccumulator", "{700F5014-3E4C-47B2-9CC2-8FBDE373A22A}"
EndProject
Project("{9A19103F-16F7-4668-BE54-9A1E7A4F7556}") = "BaseExchange.OrderAccumulator.Api", "src\OrderAccumulator\BaseExchange.OrderAccumulator.Api\BaseExchange.OrderAccumulator.Api.csproj", "{DC72B2CB-8FD5-44F8-B82D-8DF6936D4C06}"
EndProject
Project("{9A19103F-16F7-4668-BE54-9A1E7A4F7556}") = "BaseExchange.OrderAccumulator.Domain", "src\OrderAccumulator\BaseExchange.OrderAccumulator.Domain\BaseExchange.OrderAccumulator.Domain.csproj", "{98B729C6-11C5-4BEC-8F85-F2FBB21F1EC3}"
EndProject
Project("{9A19103F-16F7-4668-BE54-9A1E7A4F7556}") = "BaseExchange.OrderAccumulator.Application", "src\OrderAccumulator\BaseExchange.OrderAccumulator.Application\BaseExchange.OrderAccumulator.Application.csproj", "{B7ECD2EC-EE55-422C-9125-C115BB63DA72}"
EndProject
Project("{9A19103F-16F7-4668-BE54-9A1E7A4F7556}") = "BaseExchange.OrderAccumulator.Infrastructure", "src\OrderAccumulator\BaseExchange.OrderAccumulator.Infrastructure\BaseExchange.OrderAccumulator.Infrastructure.csproj", "{811BFD8C-AE5A-46AD-867A-7CE3C987831D}"
EndProject
Project("{9A19103F-16F7-4668-BE54-9A1E7A4F7556}") = "BaseExchange.OrderAccumulator.Tests", "src\OrderAccumulator\BaseExchange.OrderAccumulator.Tests\BaseExchange.OrderAccumulator.Tests.csproj", "{83CF5BE6-4D71-479C-9AA7-F4A9272DD397}"
EndProject
Project("{2150E333-8FDC-42A3-9474-1A3956D46DE8}") = "Shared", "Shared", "{F676D73D-1844-48EA-B6F3-D282B218EE5B}"
EndProject
Project("{9A19103F-16F7-4668-BE54-9A1E7A4F7556}") = "BaseExchange.Shared.Domain", "src\Shared\BaseExchange.Shared.Domain\BaseExchange.Shared.Domain.csproj", "{8F050F75-6FA1-4245-BA95-420A0FDACC40}"
EndProject
Project("{9A19103F-16F7-4668-BE54-9A1E7A4F7556}") = "BaseExchange.Shared.Infrastructure", "src\Shared\BaseExchange.Shared.Infrastructure\BaseExchange.Shared.Infrastructure.csproj", "{CFB3BF3E-5DEE-40C0-BD07-9AB46CEE32B4}"
EndProject
Global
	GlobalSection(SolutionConfigurationPlatforms) = preSolution
		Debug|Any CPU = Debug|Any CPU
		Release|Any CPU = Release|Any CPU
	EndGlobalSection
	GlobalSection(ProjectConfigurationPlatforms) = postSolution
		{9639A83C-B1E7-46EF-9313-ECF29162B270}.Debug|Any CPU.ActiveCfg = Debug|Any CPU
		{9639A83C-B1E7-46EF-9313-ECF29162B270}.Debug|Any CPU.Build.0 = Debug|Any CPU
		{9639A83C-B1E7-46EF-9313-ECF29162B270}.Release|Any CPU.ActiveCfg = Release|Any CPU
		{9639A83C-B1E7-46EF-9313-ECF29162B270}.Release|Any CPU.Build.0 = Release|Any CPU
		{B6D43A59-A1D3-4065-8DE6-6AE01B0EC383}.Debug|Any CPU.ActiveCfg = Debug|Any CPU
		{B6D43A59-A1D3-4065-8DE6-6AE01B0EC383}.Debug|Any CPU.Build.0 = Debug|Any CPU
		{B6D43A59-A1D3-4065-8DE6-6AE01B0EC383}.Release|Any CPU.ActiveCfg = Release|Any CPU
		{B6D43A59-A1D3-4065-8DE6-6AE01B0EC383}.Release|Any CPU.Build.0 = Release|Any CPU
		{F265050D-7AE9-43A9-B00C-7B9E3B75C029}.Debug|Any CPU.ActiveCfg = Debug|Any CPU
		{F265050D-7AE9-43A9-B00C-7B9E3B75C029}.Debug|Any CPU.Build.0 = Debug|Any CPU
		{F265050D-7AE9-43A9-B00C-7B9E3B75C029}.Release|Any CPU.ActiveCfg = Release|Any CPU
		{F265050D-7AE9-43A9-B00C-7B9E3B75C029}.Release|Any CPU.Build.0 = Release|Any CPU
		{BB9F6049-AC4E-4CFB-9A2F-AA65D965D7F7}.Debug|Any CPU.ActiveCfg = Debug|Any CPU
		{BB9F6049-AC4E-4CFB-9A2F-AA65D965D7F7}.Debug|Any CPU.Build.0 = Debug|Any CPU
		{BB9F6049-AC4E-4CFB-9A2F-AA65D965D7F7}.Release|Any CPU.ActiveCfg = Release|Any CPU
		{BB9F6049-AC4E-4CFB-9A2F-AA65D965D7F7}.Release|Any CPU.Build.0 = Release|Any CPU
		{34C5EF99-3081-48F4-AE75-DD9B26EBEFE5}.Debug|Any CPU.ActiveCfg = Debug|Any CPU
		{34C5EF99-3081-48F4-AE75-DD9B26EBEFE5}.Debug|Any CPU.Build.0 = Debug|Any CPU
		{34C5EF99-3081-48F4-AE75-DD9B26EBEFE5}.Release|Any CPU.ActiveCfg = Release|Any CPU
		{34C5EF99-3081-48F4-AE75-DD9B26EBEFE5}.Release|Any CPU.Build.0 = Release|Any CPU
		{DC72B2CB-8FD5-44F8-B82D-8DF6936D4C06}.Debug|Any CPU.ActiveCfg = Debug|Any CPU
		{DC72B2CB-8FD5-44F8-B82D-8DF6936D4C06}.Debug|Any CPU.Build.0 = Debug|Any CPU
		{DC72B2CB-8FD5-44F8-B82D-8DF6936D4C06}.Release|Any CPU.ActiveCfg = Release|Any CPU
		{DC72B2CB-8FD5-44F8-B82D-8DF6936D4C06}.Release|Any CPU.Build.0 = Release|Any CPU
		{98B729C6-11C5-4BEC-8F85-F2FBB21F1EC3}.Debug|Any CPU.ActiveCfg = Debug|Any CPU
		{98B729C6-11C5-4BEC-8F85-F2FBB21F1EC3}.Debug|Any CPU.Build.0 = Debug|Any CPU
		{98B729C6-11C5-4BEC-8F85-F2FBB21F1EC3}.Release|Any CPU.ActiveCfg = Release|Any CPU
		{98B729C6-11C5-4BEC-8F85-F2FBB21F1EC3}.Release|Any CPU.Build.0 = Release|Any CPU
		{B7ECD2EC-EE55-422C-9125-C115BB63DA72}.Debug|Any CPU.ActiveCfg = Debug|Any CPU
		{B7ECD2EC-EE55-422C-9125-C115BB63DA72}.Debug|Any CPU.Build.0 = Debug|Any CPU
		{B7ECD2EC-EE55-422C-9125-C115BB63DA72}.Release|Any CPU.ActiveCfg = Release|Any CPU
		{B7ECD2EC-EE55-422C-9125-C115BB63DA72}.Release|Any CPU.Build.0 = Release|Any CPU
		{811BFD8C-AE5A-46AD-867A-7CE3C987831D}.Debug|Any CPU.ActiveCfg = Debug|Any CPU
		{811BFD8C-AE5A-46AD-867A-7CE3C987831D}.Debug|Any CPU.Build.0 = Debug|Any CPU
		{811BFD8C-AE5A-46AD-867A-7CE3C987831D}.Release|Any CPU.ActiveCfg = Release|Any CPU
		{811BFD8C-AE5A-46AD-867A-7CE3C987831D}.Release|Any CPU.Build.0 = Release|Any CPU
		{83CF5BE6-4D71-479C-9AA7-F4A9272DD397}.Debug|Any CPU.ActiveCfg = Debug|Any CPU
		{83CF5BE6-4D71-479C-9AA7-F4A9272DD397}.Debug|Any CPU.Build.0 = Debug|Any CPU
		{83CF5BE6-4D71-479C-9AA7-F4A9272DD397}.Release|Any CPU.ActiveCfg = Release|Any CPU
		{83CF5BE6-4D71-479C-9AA7-F4A9272DD397}.Release|Any CPU.Build.0 = Release|Any CPU
		{8F050F75-6FA1-4245-BA95-420A0FDACC40}.Debug|Any CPU.ActiveCfg = Debug|Any CPU
		{8F050F75-6FA1-4245-BA95-420A0FDACC40}.Debug|Any CPU.Build.0 = Debug|Any CPU
		{8F050F75-6FA1-4245-BA95-420A0FDACC40}.Release|Any CPU.ActiveCfg = Release|Any CPU
		{8F050F75-6FA1-4245-BA95-420A0FDACC40}.Release|Any CPU.Build.0 = Release|Any CPU
		{CFB3BF3E-5DEE-40C0-BD07-9AB46CEE32B4}.Debug|Any CPU.ActiveCfg = Debug|Any CPU
		{CFB3BF3E-5DEE-40C0-BD07-9AB46CEE32B4}.Debug|Any CPU.Build.0 = Debug|Any CPU
		{CFB3BF3E-5DEE-40C0-BD07-9AB46CEE32B4}.Release|Any CPU.ActiveCfg = Release|Any CPU
		{CFB3BF3E-5DEE-40C0-BD07-9AB46CEE32B4}.Release|Any CPU.Build.0 = Release|Any CPU
	EndGlobalSection
	GlobalSection(SolutionProperties) = preSolution
		HideSolutionNode = FALSE
	EndGlobalSection
	GlobalSection(NestedProjects) = preSolution
		{F5C64301-3533-477C-93E3-9E579C01C6B1} = {CBD1E891-BB0F-4953-A409-54935FEE5761}
		{9639A83C-B1E7-46EF-9313-ECF29162B270} = {F5C64301-3533-477C-93E3-9E579C01C6B1}
		{B6D43A59-A1D3-4065-8DE6-6AE01B0EC383} = {F5C64301-3533-477C-93E3-9E579C01C6B1}
		{F265050D-7AE9-43A9-B00C-7B9E3B75C029} = {F5C64301-3533-477C-93E3-9E579C01C6B1}
		{BB9F6049-AC4E-4CFB-9A2F-AA65D965D7F7} = {F5C64301-3533-477C-93E3-9E579C01C6B1}
		{34C5EF99-3081-48F4-AE75-DD9B26EBEFE5} = {F5C64301-3533-477C-93E3-9E579C01C6B1}
		{700F5014-3E4C-47B2-9CC2-8FBDE373A22A} = {CBD1E891-BB0F-4953-A409-54935FEE5761}
		{DC72B2CB-8FD5-44F8-B82D-8DF6936D4C06} = {700F5014-3E4C-47B2-9CC2-8FBDE373A22A}
		{98B729C6-11C5-4BEC-8F85-F2FBB21F1EC3} = {700F5014-3E4C-47B2-9CC2-8FBDE373A22A}
		{B7ECD2EC-EE55-422C-9125-C115BB63DA72} = {700F5014-3E4C-47B2-9CC2-8FBDE373A22A}
		{811BFD8C-AE5A-46AD-867A-7CE3C987831D} = {700F5014-3E4C-47B2-9CC2-8FBDE373A22A}
		{83CF5BE6-4D71-479C-9AA7-F4A9272DD397} = {700F5014-3E4C-47B2-9CC2-8FBDE373A22A}
		{F676D73D-1844-48EA-B6F3-D282B218EE5B} = {CBD1E891-BB0F-4953-A409-54935FEE5761}
		{8F050F75-6FA1-4245-BA95-420A0FDACC40} = {F676D73D-1844-48EA-B6F3-D282B218EE5B}
		{CFB3BF3E-5DEE-40C0-BD07-9AB46CEE32B4} = {F676D73D-1844-48EA-B6F3-D282B218EE5B}
	EndGlobalSection
EndGlobal
